{
    "_meta": {
        "hash": {
            "sha256": "927242654d61edca1f95e9ebf9fd9b64fbb5daf960b9f5b5e65f9be757dee411"
        },
        "pipfile-spec": 6,
        "requires": {},
        "sources": [
            {
                "name": "pypi",
                "url": "https://pypi.python.org/simple",
                "verify_ssl": true
            }
        ]
    },
    "default": {
        "backcall": {
            "hashes": [
                "sha256:5cbdbf27be5e7cfadb448baf0aa95508f91f2bbc6c6437cd9cd06e2a4c215e1e",
                "sha256:fbbce6a29f263178a1f7915c1940bde0ec2b2a967566fe1c65c1dfb7422bd255"
            ],
            "version": "==0.2.0"
        },
        "certifi": {
            "hashes": [
                "sha256:1a4995114262bffbc2413b159f2a1a480c969de6e6eb13ee966d470af86af59c",
                "sha256:719a74fb9e33b9bd44cc7f3a8d94bc35e4049deebe19ba7d8e108280cfd59830"
            ],
            "version": "==2020.12.5"
        },
        "chardet": {
            "hashes": [
                "sha256:84ab92ed1c4d4f16916e05906b6b75a6c0fb5db821cc65e70cbd64a3e2a5eaae",
                "sha256:fc323ffcaeaed0e0a02bf4d117757b98aed530d9ed4531e3e15460124c106691"
            ],
            "version": "==3.0.4"
        },
        "decorator": {
            "hashes": [
                "sha256:41fa54c2a0cc4ba648be4fd43cff00aedf5b9465c9bf18d64325bc225f08f760",
                "sha256:e3a62f0520172440ca0dcc823749319382e377f37f140a0b99ef45fecb84bfe7"
            ],
            "version": "==4.4.2"
        },
        "gevent": {
            "hashes": [
                "sha256:0771afe671926e1a15656385c7bc50ce8696182f37fed4762eb2aeb4b9fe3e52",
                "sha256:0c01b64a555b125b768a488a65170ce9b10d7eb1438ec15dd3a0ba243fa12c6f",
                "sha256:225a44f359acced7467f5eeafeae55aceb19ca77167f0c23ae205df9f95ff7d3",
                "sha256:30ca4e7b4e88766d80ae2197f6d29e483449ca48786f36dc3caa2c4a3488935f",
                "sha256:378a0cfddb8c734a8c2003513e49edbbcbb0a72ce0800a0250f2d27d471a3cb1",
                "sha256:575f45163cd9874e1274b90311b0d5da30b838bd8be583602d64a4d12cf7228e",
                "sha256:5b1ceef3234e8fce16f06bf2e73e3e5bee895fd82c1574a15305db6596078d0e",
                "sha256:600d02a31c08936fe4a5181756009a4a3663403b41bc122df039dae0aa3e3831",
                "sha256:814fd9ade11ee1b5d8abf013eef9f8488d2cabbc2c69671aee276aea3b678a47",
                "sha256:87c151b225b8df3a2466a017ce03cbbdfa96ec8083105a85e1afc8532809ca5e",
                "sha256:8aa6775b5c6fd758ff1fd0dac17678a3199e04e9a6951c0d68bb8aa0312ceb6d",
                "sha256:8b8b1337c701649f5701f8ba53aa2488b407de9df2a96a2d42b11b0624f7125e",
                "sha256:9a6046c8f7e228e7aa0d579868dd1c0949e6085b08a637601d0c3aa7b1d05e1a",
                "sha256:a1aa86f7ad04fcd11425e7e1548ef6d45cd9764baa655a07e06c060e54022e77",
                "sha256:a378b2e509463af583a45f030e17c53c05c8a160f49c9cb89c66d8b08d2f3bff",
                "sha256:a756c5483315c4166ea01a52e256ad05e9229b01f1f6aa6e88c50194fa29253b",
                "sha256:a8f040c132654735422cfe5e3d720963b606e6a27f0e5abfd1ca20189dcad6d5",
                "sha256:b9a47a1553ff55d8dbc2cbd037e03654dbdbfa746784600b800db8d787a06e22",
                "sha256:cddb2c56805e2dd9bd2f808ca98814b000744411869aad1ae3f93c0510dc0b26",
                "sha256:d0227d11b873452064cd23b6e533dfc4c3cb5095990e4119a55a77b5df4ec03a",
                "sha256:d17f3c777bbc3a61c5f32f9e925849c876d0251d0fbb44b5f71b0f99002c1f5b"
            ],
            "index": "pypi",
            "version": "==1.3.1"
        },
        "greenlet": {
            "hashes": [
                "sha256:1023d7b43ca11264ab7052cb09f5635d4afdb43df55e0854498fc63070a0b206",
                "sha256:124a3ae41215f71dc91d1a3d45cbf2f84e46b543e5d60b99ecc20e24b4c8f272",
                "sha256:13037e2d7ab2145300676852fa069235512fdeba4ed1e3bb4b0677a04223c525",
                "sha256:3af587e9813f9bd8be9212722321a5e7be23b2bc37e6323a90e592ab0c2ef117",
                "sha256:41d8835c69a78de718e466dd0e6bfd4b46125f21a67c3ff6d76d8d8059868d6b",
                "sha256:4481002118b2f1588fa3d821936ffdc03db80ef21186b62b90c18db4ba5e743b",
                "sha256:47825c3a109f0331b1e54c1173d4e57fa000aa6c96756b62852bfa1af91cd652",
                "sha256:5494e3baeacc371d988345fbf8aa4bd15555b3077c40afcf1994776bb6d77eaf",
                "sha256:75e4c27188f28149b74e7685809f9227410fd15432a4438fc48627f518577fa5",
                "sha256:97f2b01ab622a4aa4b3724a3e1fba66f47f054c434fbaa551833fa2b41e3db51",
                "sha256:a34023b9eabb3525ee059f3bf33a417d2e437f7f17e341d334987d4091ae6072",
                "sha256:ac85db59aa43d78547f95fc7b6fd2913e02b9e9b09e2490dfb7bbdf47b2a4914",
                "sha256:be7a79988b8fdc5bbbeaed69e79cfb373da9759242f1565668be4fb7f3f37552",
                "sha256:bee111161420f341a346731279dd976be161b465c1286f82cc0779baf7b729e8",
                "sha256:ccd62f09f90b2730150d82f2f2ffc34d73c6ce7eac234aed04d15dc8a3023994",
                "sha256:d3436110ca66fe3981031cc6aff8cc7a40d8411d173dde73ddaa5b8445385e2d",
                "sha256:e495096e3e2e8f7192afb6aaeba19babc4fb2bdf543d7b7fed59e00c1df7f170",
                "sha256:e66a824f44892bc4ec66c58601a413419cafa9cec895e63d8da889c8a1a4fa4a"
            ],
            "markers": "platform_python_implementation == 'CPython'",
            "version": "==0.4.17"
        },
        "idna": {
            "hashes": [
                "sha256:2c6a5de3089009e3da7c5dde64a141dbc8551d5b7f6cf4ed7c2568d0cc520a8f",
                "sha256:8c7309c718f94b3a625cb648ace320157ad16ff131ae0af362c9f21b80ef6ec4"
            ],
            "version": "==2.6"
        },
        "ipython": {
            "hashes": [
                "sha256:a0c96853549b246991046f32d19db7140f5b1a644cc31f0dc1edc86713b7676f",
                "sha256:eca537aa61592aca2fef4adea12af8e42f5c335004dfa80c78caf80e8b525e5c"
            ],
            "index": "pypi",
            "version": "==6.4.0"
        },
        "ipython-genutils": {
            "hashes": [
                "sha256:72dd37233799e619666c9f639a9da83c34013a73e8bbc79a7a6348d93c61fab8",
                "sha256:eb2e116e75ecef9d4d228fdc66af54269afa26ab4463042e33785b887c628ba8"
            ],
            "version": "==0.2.0"
        },
        "jedi": {
            "hashes": [
                "sha256:86ed7d9b750603e4ba582ea8edc678657fb4007894a12bcf6f4bb97892f31d20",
                "sha256:98cc583fa0f2f8304968199b01b6b4b94f469a1f4a74c1560506ca2a211378b5"
            ],
            "version": "==0.17.2"
        },
        "memory-profiler": {
            "hashes": [
                "sha256:e38627e66ca787f56ad2898699e07cb7ae2049a7dc075d535367cd882c417b9a"
            ],
            "index": "pypi",
            "version": "==0.52.0"
        },
        "numexpr": {
            "hashes": [
                "sha256:034275449f92817d170bbc0660e4618c6eed431c599a36ed5959cbfca3683f74",
                "sha256:2a219fc58ca468f86d48cb1b471a1daa202f434eb3d9d1ba01938ab944ccfa48",
                "sha256:2ace3cb8d5b141df21f1fa67dfbaf790138f739f34341bf64cfb46a054cfcb61",
                "sha256:399120182cd33d018b2206327e5957fc20c1a6107db73985bd2c8ca1571cbca9",
                "sha256:3ba49c1a010ffb7307d8a4b213f6a4dfdf04ccdd67c158b5629453d754ccce57",
                "sha256:41bea277781d514ed913c2b3e9b5074aa379e75e94f7071c96ad9301c1909ae8",
                "sha256:59fb02feca82619050be0367299c3ae2bfb704e4f294f665ab744ba110dd1df3",
                "sha256:5d086f73da40b1a3dc7887e645b309a2c4cf9388a5e33fa3d11e1dc3d17a067e",
                "sha256:5d8f4ed9b88f9735303a72cf30be511f3fefd03068a36897910855b4fdc03ab6",
                "sha256:6b737d4971d3c8b7293a211eab3e044d28583532094e4dd438ae8b6e34d26361",
                "sha256:76e3c14d81c056fa9160fa0965838593df947df8cec54ff396309c03b4451e10",
                "sha256:7b58d0ab71c0e3057bd4bbe9099e23ebe839087046b0bf372032df1461fa3c23",
                "sha256:8494553ee6db694168226bc13714e65cade4d87ad9a0210e2064efa64fa32097",
                "sha256:8b846245e092ecc2cbf6bc71b95549bcb6fd746fd3d93cc9ac8627b4d7f61f92",
                "sha256:9f79d0f01a661451819f8f8b518e402878c226f8521e7cd0b903b7e1351a667e",
                "sha256:a53675d7febf91226f9f0e6eaa87845a5faf81a16d707b3d51701e22444c208e",
                "sha256:d5c20881cb2f460b7aa21525e994990114ed0c5e62f0ac9fbafa2a74ed7362db",
                "sha256:e1dc2c5cd9201e29cc7bb443caf61e284cbbef261edd56c394e5aa60dae83c2f",
                "sha256:e2c2be8f2a9bf3e8da460fa0502fcba63a2ae3721cd9445b40bda3aab01c2fe5",
                "sha256:e2e8b16f74aec96f33de9cada3ac982eb1fc41e88a50651f483ffda96c84e474",
                "sha256:f85dd6a89b98b47d4be2588f0d86f163fcf883bb901557518e03cb07ea1cdf09",
                "sha256:f8ad8014085628eab91bc82fb9d10cf9ab8e04ede4884e4a1061445d395b36bb",
                "sha256:f9932e7cf7b4faae77170b5658196c167369a00332e1d99a38e698d815ba3266"
            ],
            "index": "pypi",
            "version": "==2.6.5"
        },
        "numpy": {
            "hashes": [
                "sha256:08308c38e44cc926bdfce99498b21eec1f848d24c302519e64203a8da99a97db",
                "sha256:09c12096d843b90eafd01ea1b3307e78ddd47a55855ad402b157b6c4862197ce",
                "sha256:13d166f77d6dc02c0a73c1101dd87fdf01339febec1030bd810dcd53fff3b0f1",
                "sha256:141ec3a3300ab89c7f2b0775289954d193cc8edb621ea05f99db9cb181530512",
                "sha256:16c1b388cc31a9baa06d91a19366fb99ddbe1c7b205293ed072211ee5bac1ed2",
                "sha256:18bed2bcb39e3f758296584337966e68d2d5ba6aab7e038688ad53c8f889f757",
                "sha256:1aeef46a13e51931c0b1cf8ae1168b4a55ecd282e6688fdb0a948cc5a1d5afb9",
                "sha256:27d3f3b9e3406579a8af3a9f262f5339005dd25e0ecf3cf1559ff8a49ed5cbf2",
                "sha256:2a2740aa9733d2e5b2dfb33639d98a64c3b0f24765fed86b0fd2aec07f6a0a08",
                "sha256:4377e10b874e653fe96985c05feed2225c912e328c8a26541f7fc600fb9c637b",
                "sha256:448ebb1b3bf64c0267d6b09a7cba26b5ae61b6d2dbabff7c91b660c7eccf2bdb",
                "sha256:50e86c076611212ca62e5a59f518edafe0c0730f7d9195fec718da1a5c2bb1fc",
                "sha256:5734bdc0342aba9dfc6f04920988140fb41234db42381cf7ccba64169f9fe7ac",
                "sha256:64324f64f90a9e4ef732be0928be853eee378fd6a01be21a0a8469c4f2682c83",
                "sha256:6ae6c680f3ebf1cf7ad1d7748868b39d9f900836df774c453c11c5440bc15b36",
                "sha256:6d7593a705d662be5bfe24111af14763016765f43cb6923ed86223f965f52387",
                "sha256:8cac8790a6b1ddf88640a9267ee67b1aee7a57dfa2d2dd33999d080bc8ee3a0f",
                "sha256:8ece138c3a16db8c1ad38f52eb32be6086cc72f403150a79336eb2045723a1ad",
                "sha256:9eeb7d1d04b117ac0d38719915ae169aa6b61fca227b0b7d198d43728f0c879c",
                "sha256:a09f98011236a419ee3f49cedc9ef27d7a1651df07810ae430a6b06576e0b414",
                "sha256:a5d897c14513590a85774180be713f692df6fa8ecf6483e561a6d47309566f37",
                "sha256:ad6f2ff5b1989a4899bf89800a671d71b1612e5ff40866d1f4d8bcf48d4e5764",
                "sha256:c42c4b73121caf0ed6cd795512c9c09c52a7287b04d105d112068c1736d7c753",
                "sha256:cb1017eec5257e9ac6209ac172058c430e834d5d2bc21961dceeb79d111e5909",
                "sha256:d6c7bb82883680e168b55b49c70af29b84b84abb161cbac2800e8fcb6f2109b6",
                "sha256:e452dc66e08a4ce642a961f134814258a082832c78c90351b75c41ad16f79f63",
                "sha256:e5b6ed0f0b42317050c88022349d994fe72bfe35f5908617512cd8c8ef9da2a9",
                "sha256:e9b30d4bd69498fc0c3fe9db5f62fffbb06b8eb9321f92cc970f2969be5e3949",
                "sha256:ec149b90019852266fec2341ce1db513b843e496d5a8e8cdb5ced1923a92faab",
                "sha256:edb01671b3caae1ca00881686003d16c2209e07b7ef8b7639f1867852b948f7c",
                "sha256:f0d3929fe88ee1c155129ecd82f981b8856c5d97bcb0d5f23e9b4242e79d1de3",
                "sha256:f29454410db6ef8126c83bd3c968d143304633d45dc57b51252afbd79d700893",
                "sha256:fe45becb4c2f72a0907c1d0246ea6449fe7a9e2293bb0e11c4e9a32bb0930a15",
                "sha256:fedbd128668ead37f33917820b704784aff695e0019309ad446a6d0b065b57e4"
            ],
            "version": "==1.19.4"
        },
        "parso": {
            "hashes": [
                "sha256:97218d9159b2520ff45eb78028ba8b50d2bc61dcc062a9682666f2dc4bd331ea",
                "sha256:caba44724b994a8a5e086460bb212abc5a8bc46951bf4a9a1210745953622eb9"
            ],
            "version": "==0.7.1"
        },
        "pexpect": {
            "hashes": [
                "sha256:0b48a55dcb3c05f3329815901ea4fc1537514d6ba867a152b581d69ae3710937",
                "sha256:fc65a43959d153d0114afe13997d439c22823a27cefceb5ff35c2178c6784c0c"
            ],
            "markers": "sys_platform != 'win32'",
            "version": "==4.8.0"
        },
        "pickleshare": {
            "hashes": [
                "sha256:87683d47965c1da65cdacaf31c8441d12b8044cdec9aca500cd78fc2c683afca",
                "sha256:9649af414d74d4df115d5d718f82acb59c9d418196b7b4290ed47a12ce62df56"
            ],
            "version": "==0.7.5"
        },
        "prompt-toolkit": {
            "hashes": [
                "sha256:37925b37a4af1f6448c76b7606e0285f79f434ad246dda007a27411cca730c6d",
                "sha256:dd4fca02c8069497ad931a2d09914c6b0d1b50151ce876bc15bde4c747090126",
                "sha256:f7eec66105baf40eda9ab026cd8b2e251337eea8d111196695d82e0c5f0af852"
            ],
            "version": "==1.0.18"
        },
        "psutil": {
            "hashes": [
                "sha256:06660136ab88762309775fd47290d7da14094422d915f0466e0adf8e4b22214e",
                "sha256:0c11adde31011a286197630ba2671e34651f004cc418d30ae06d2033a43c9e20",
                "sha256:0c211eec4185725847cb6c28409646c7cfa56fdb531014b35f97b5dc7fe04ff9",
                "sha256:0fc7a5619b47f74331add476fbc6022d7ca801c22865c7069ec0867920858963",
                "sha256:3004361c6b93dbad71330d992c1ae409cb8314a6041a0b67507cc882357f583e",
                "sha256:5e8dbf31871b0072bcba8d1f2861c0ec6c84c78f13c723bb6e981bce51b58f12",
                "sha256:6d81b9714791ef9a3a00b2ca846ee547fc5e53d259e2a6258c3d2054928039ff",
                "sha256:724390895cff80add7a1c4e7e0a04d9c94f3ee61423a2dcafd83784fabbd1ee9",
                "sha256:ad21281f7bd6c57578dd53913d2d44218e9e29fd25128d10ff7819ef16fa46e7",
                "sha256:f21a7bb4b207e4e7c60b3c40ffa89d790997619f04bbecec9db8e3696122bc78",
                "sha256:f60042bef7dc50a78c06334ca8e25580455948ba2fa98f240d034a4fed9141a5"
            ],
            "index": "pypi",
            "version": "==5.6.6"
        },
        "ptyprocess": {
            "hashes": [
                "sha256:923f299cc5ad920c68f2bc0bc98b75b9f838b93b599941a6b63ddbc2476394c0",
                "sha256:d7cc528d76e76342423ca640335bd3633420dc1366f258cb31d05e865ef5ca1f"
            ],
            "version": "==0.6.0"
        },
        "pygments": {
            "hashes": [
                "sha256:ccf3acacf3782cbed4a989426012f1c535c9a90d3a7fc3f16d231b9372d2b716",
                "sha256:f275b6c0909e5dafd2d6269a656aa90fa58ebf4a74f8fcf9053195d226b24a08"
            ],
            "version": "==2.7.3"
        },
        "requests": {
            "hashes": [
                "sha256:6a1b267aa90cac58ac3a765d067950e7dbbf75b1da07e895d1f594193a40a38b",
                "sha256:9c443e7324ba5b85070c4a818ade28bfabedf16ea10206da1132edaa6dda237e"
            ],
            "index": "pypi",
            "version": "==2.18.4"
        },
        "simplegeneric": {
            "hashes": [
                "sha256:dc972e06094b9af5b855b3df4a646395e43d1c9d0d39ed345b7393560d0b9173"
            ],
            "version": "==0.8.1"
        },
        "six": {
            "hashes": [
                "sha256:30639c035cdb23534cd4aa2dd52c3bf48f06e5f4a941509c8bafd8ce11080259",
                "sha256:8b74bedcbbbaca38ff6d7491d76f2b06b3592611af620f8426e82dddb04a5ced"
            ],
            "version": "==1.15.0"
        },
        "tornado": {
            "hashes": [
                "sha256:1b83d5c10550f2653380b4c77331d6f8850f287c4f67d7ce1e1c639d9222fbc7",
                "sha256:408d129e9d13d3c55aa73f8084aa97d5f90ed84132e38d6932e63a67d5bec563",
                "sha256:88ce0282cce70df9045e515f578c78f1ebc35dcabe1d70f800c3583ebda7f5f5",
                "sha256:ba9fbb249ac5390bff8a1d6aa4b844fd400701069bda7d2e380dfe2217895101",
                "sha256:c050089173c2e9272244bccfb6a8615fb9e53b79420a5551acfa76094ecc3111"
            ],
            "index": "pypi",
            "version": "==5.0.2"
        },
        "traitlets": {
            "hashes": [
                "sha256:178f4ce988f69189f7e523337a3e11d91c786ded9360174a3d9ca83e79bc5396",
                "sha256:69ff3f9d5351f31a7ad80443c2674b7099df13cc41fc5fa6e2f6d3b0330b0426"
            ],
            "version": "==5.0.5"
        },
        "urllib3": {
            "hashes": [
                "sha256:06330f386d6e4b195fbfc736b297f58c5a892e4440e54d294d7004e3a9bbea1b",
                "sha256:cc44da8e1145637334317feebd728bd869a35285b93cbb4cca2577da7e62db4f"
            ],
            "version": "==1.22"
        },
        "wcwidth": {
            "hashes": [
                "sha256:beb4802a9cebb9144e99086eff703a642a13d6a0052920003a230f3294bbe784",
                "sha256:c4d647b99872929fdb7bdcaa4fbe7f01413ed3d98077df798530e5b04f116c83"
            ],
            "version": "==0.2.5"
        }
    },
    "develop": {}
}
